
Microsoft Visual Studio Solution File, Format Version 12.00
# Visual Studio 15
VisualStudioVersion = 15.0.27428.2015
MinimumVisualStudioVersion = 10.0.40219.1
Project("{FAE04EC0-301F-11D3-BF4B-00C04F79EFBC}") = "OOPAssign", "OOPAssign\OOPAssign.csproj", "{836C4BFD-19D5-4A83-8060-EBAE6985D6BA}"
EndProject
Global
	GlobalSection(SolutionConfigurationPlatforms) = preSolution
		Debug|Any CPU = Debug|Any CPU
		Release|Any CPU = Release|Any CPU
	EndGlobalSection
	GlobalSection(ProjectConfigurationPlatforms) = postSolution
		{836C4BFD-19D5-4A83-8060-EBAE6985D6BA}.Debug|Any CPU.ActiveCfg = Debug|Any CPU
		{836C4BFD-19D5-4A83-8060-EBAE6985D6BA}.Debug|Any CPU.Build.0 = Debug|Any CPU
		{836C4BFD-19D5-4A83-8060-EBAE6985D6BA}.Release|Any CPU.ActiveCfg = Release|Any CPU
		{836C4BFD-19D5-4A83-8060-EBAE6985D6BA}.Release|Any CPU.Build.0 = Release|Any CPU
	EndGlobalSection
	GlobalSection(SolutionProperties) = preSolution
		HideSolutionNode = FALSE
	EndGlobalSection
	GlobalSection(ExtensibilityGlobals) = postSolution
		SolutionGuid = {68D664F0-1A66-471F-9EA1-F50599FD249B}
	EndGlobalSection
EndGlobal
